
Microsoft Visual Studio Solution File, Format Version 12.00
# Visual Studio Version 16
VisualStudioVersion = 16.0.31729.503
MinimumVisualStudioVersion = 10.0.40219.1
Project("{FAE04EC0-301F-11D3-BF4B-00C04F79EFBC}") = "WindowsFormsApp1_ContactsByEF", "WindowsFormsApp1_ContactsByEF.csproj", "{00693302-3193-43DB-8553-318C6D0404B0}"
EndProject
Global
	GlobalSection(SolutionConfigurationPlatforms) = preSolution
		Debug|Any CPU = Debug|Any CPU
		Release|Any CPU = Release|Any CPU
	EndGlobalSection
	GlobalSection(ProjectConfigurationPlatforms) = postSolution
		{00693302-3193-43DB-8553-318C6D0404B0}.Debug|Any CPU.ActiveCfg = Debug|Any CPU
		{00693302-3193-43DB-8553-318C6D0404B0}.Debug|Any CPU.Build.0 = Debug|Any CPU
		{00693302-3193-43DB-8553-318C6D0404B0}.Release|Any CPU.ActiveCfg = Release|Any CPU
		{00693302-3193-43DB-8553-318C6D0404B0}.Release|Any CPU.Build.0 = Release|Any CPU
	EndGlobalSection
	GlobalSection(SolutionProperties) = preSolution
		HideSolutionNode = FALSE
	EndGlobalSection
	GlobalSection(ExtensibilityGlobals) = postSolution
		SolutionGuid = {9EE3A78C-2DB8-482C-B2EB-3BF24FCF1FC6}
	EndGlobalSection
EndGlobal
